
Microsoft Visual Studio Solution File, Format Version 12.00
# Visual Studio 15
VisualStudioVersion = 15.0.28307.168
MinimumVisualStudioVersion = 10.0.40219.1
Project("{9A19103F-16F7-4668-BE54-9A1E7A4F7556}") = "KrogerScrape", "KrogerScrape\KrogerScrape.csproj", "{A0CE55A9-C70C-4012-8B98-2AA5063F43FB}"
EndProject
Project("{2150E333-8FDC-42A3-9474-1A3956D46DE8}") = "Solution Items", "Solution Items", "{71C190F6-A5F5-4605-AD25-52ADD8AE352F}"
	ProjectSection(SolutionItems) = preProject
		README.md = README.md
	EndProjectSection
EndProject
Global
	GlobalSection(SolutionConfigurationPlatforms) = preSolution
		Debug|Any CPU = Debug|Any CPU
		Release|Any CPU = Release|Any CPU
	EndGlobalSection
	GlobalSection(ProjectConfigurationPlatforms) = postSolution
		{A0CE55A9-C70C-4012-8B98-2AA5063F43FB}.Debug|Any CPU.ActiveCfg = Debug|Any CPU
		{A0CE55A9-C70C-4012-8B98-2AA5063F43FB}.Debug|Any CPU.Build.0 = Debug|Any CPU
		{A0CE55A9-C70C-4012-8B98-2AA5063F43FB}.Release|Any CPU.ActiveCfg = Release|Any CPU
		{A0CE55A9-C70C-4012-8B98-2AA5063F43FB}.Release|Any CPU.Build.0 = Release|Any CPU
	EndGlobalSection
	GlobalSection(SolutionProperties) = preSolution
		HideSolutionNode = FALSE
	EndGlobalSection
	GlobalSection(ExtensibilityGlobals) = postSolution
		SolutionGuid = {C41D915A-1AC9-4251-AF99-E0082833A4C1}
	EndGlobalSection
EndGlobal
