
Microsoft Visual Studio Solution File, Format Version 12.00
# Visual Studio 15
VisualStudioVersion = 15.0.28307.168
MinimumVisualStudioVersion = 10.0.40219.1
Project("{FAE04EC0-301F-11D3-BF4B-00C04F79EFBC}") = "KrogerScrape", "KrogerScrape\KrogerScrape.csproj", "{A0CE55A9-C70C-4012-8B98-2AA5063F43FB}"
EndProject
Global
	GlobalSection(SolutionConfigurationPlatforms) = preSolution
		Debug|Any CPU = Debug|Any CPU
		Release|Any CPU = Release|Any CPU
	EndGlobalSection
	GlobalSection(ProjectConfigurationPlatforms) = postSolution
		{A0CE55A9-C70C-4012-8B98-2AA5063F43FB}.Debug|Any CPU.ActiveCfg = Debug|Any CPU
		{A0CE55A9-C70C-4012-8B98-2AA5063F43FB}.Debug|Any CPU.Build.0 = Debug|Any CPU
		{A0CE55A9-C70C-4012-8B98-2AA5063F43FB}.Release|Any CPU.ActiveCfg = Release|Any CPU
		{A0CE55A9-C70C-4012-8B98-2AA5063F43FB}.Release|Any CPU.Build.0 = Release|Any CPU
	EndGlobalSection
	GlobalSection(SolutionProperties) = preSolution
		HideSolutionNode = FALSE
	EndGlobalSection
	GlobalSection(ExtensibilityGlobals) = postSolution
		SolutionGuid = {C41D915A-1AC9-4251-AF99-E0082833A4C1}
	EndGlobalSection
EndGlobal
